
Microsoft Visual Studio Solution File, Format Version 12.00
# Visual Studio Version 17
VisualStudioVersion = 17.8.34525.116
MinimumVisualStudioVersion = 10.0.40219.1
Project("{FAE04EC0-301F-11D3-BF4B-00C04F79EFBC}") = "ApplicationAPI", "ApplicationAPI\ApplicationAPI.csproj", "{FF550F20-CF46-4538-B299-A3DF4278B19E}"
EndProject
Global
	GlobalSection(SolutionConfigurationPlatforms) = preSolution
		Debug|Any CPU = Debug|Any CPU
		Release|Any CPU = Release|Any CPU
	EndGlobalSection
	GlobalSection(ProjectConfigurationPlatforms) = postSolution
		{FF550F20-CF46-4538-B299-A3DF4278B19E}.Debug|Any CPU.ActiveCfg = Debug|Any CPU
		{FF550F20-CF46-4538-B299-A3DF4278B19E}.Debug|Any CPU.Build.0 = Debug|Any CPU
		{FF550F20-CF46-4538-B299-A3DF4278B19E}.Release|Any CPU.ActiveCfg = Release|Any CPU
		{FF550F20-CF46-4538-B299-A3DF4278B19E}.Release|Any CPU.Build.0 = Release|Any CPU
	EndGlobalSection
	GlobalSection(SolutionProperties) = preSolution
		HideSolutionNode = FALSE
	EndGlobalSection
	GlobalSection(ExtensibilityGlobals) = postSolution
		SolutionGuid = {FA21F7D8-471B-403E-9669-EB3573CC38C3}
	EndGlobalSection
EndGlobal
