
Microsoft Visual Studio Solution File, Format Version 12.00
# Visual Studio Version 17
VisualStudioVersion = 17.8.34525.116
MinimumVisualStudioVersion = 10.0.40219.1
Project("{FAE04EC0-301F-11D3-BF4B-00C04F79EFBC}") = "API", "API\API.csproj", "{9B8BB61A-677F-4472-A8B8-7FC7A9E0F12E}"
EndProject
Global
	GlobalSection(SolutionConfigurationPlatforms) = preSolution
		Debug|Any CPU = Debug|Any CPU
		Release|Any CPU = Release|Any CPU
	EndGlobalSection
	GlobalSection(ProjectConfigurationPlatforms) = postSolution
		{9B8BB61A-677F-4472-A8B8-7FC7A9E0F12E}.Debug|Any CPU.ActiveCfg = Debug|Any CPU
		{9B8BB61A-677F-4472-A8B8-7FC7A9E0F12E}.Debug|Any CPU.Build.0 = Debug|Any CPU
		{9B8BB61A-677F-4472-A8B8-7FC7A9E0F12E}.Release|Any CPU.ActiveCfg = Release|Any CPU
		{9B8BB61A-677F-4472-A8B8-7FC7A9E0F12E}.Release|Any CPU.Build.0 = Release|Any CPU
	EndGlobalSection
	GlobalSection(SolutionProperties) = preSolution
		HideSolutionNode = FALSE
	EndGlobalSection
	GlobalSection(ExtensibilityGlobals) = postSolution
		SolutionGuid = {3A316C0D-BDD8-42BD-8B02-E4919DEF210C}
	EndGlobalSection
EndGlobal
